
Microsoft Visual Studio Solution File, Format Version 12.00
# Visual Studio Version 16
VisualStudioVersion = 16.0.29709.97
MinimumVisualStudioVersion = 10.0.40219.1
Project("{9A19103F-16F7-4668-BE54-9A1E7A4F7556}") = "ColorChat.WPF", "ColorChat.WPF\ColorChat.WPF.csproj", "{119C758E-AAF3-4740-8B7E-24B09A15EA88}"
EndProject
Project("{9A19103F-16F7-4668-BE54-9A1E7A4F7556}") = "ColorChat.Domain", "ColorChat.Domain\ColorChat.Domain.csproj", "{B365CB8A-D079-43A4-B91C-057B28D26874}"
EndProject
Project("{FAE04EC0-301F-11D3-BF4B-00C04F79EFBC}") = "ColorChat.SignalR", "ColorChat.SignalR\ColorChat.SignalR.csproj", "{B2979576-1AF5-42E3-BDAE-5766E3D502BB}"
EndProject
Global
	GlobalSection(SolutionConfigurationPlatforms) = preSolution
		Debug|Any CPU = Debug|Any CPU
		Release|Any CPU = Release|Any CPU
	EndGlobalSection
	GlobalSection(ProjectConfigurationPlatforms) = postSolution
		{119C758E-AAF3-4740-8B7E-24B09A15EA88}.Debug|Any CPU.ActiveCfg = Debug|Any CPU
		{119C758E-AAF3-4740-8B7E-24B09A15EA88}.Debug|Any CPU.Build.0 = Debug|Any CPU
		{119C758E-AAF3-4740-8B7E-24B09A15EA88}.Release|Any CPU.ActiveCfg = Release|Any CPU
		{119C758E-AAF3-4740-8B7E-24B09A15EA88}.Release|Any CPU.Build.0 = Release|Any CPU
		{B365CB8A-D079-43A4-B91C-057B28D26874}.Debug|Any CPU.ActiveCfg = Debug|Any CPU
		{B365CB8A-D079-43A4-B91C-057B28D26874}.Debug|Any CPU.Build.0 = Debug|Any CPU
		{B365CB8A-D079-43A4-B91C-057B28D26874}.Release|Any CPU.ActiveCfg = Release|Any CPU
		{B365CB8A-D079-43A4-B91C-057B28D26874}.Release|Any CPU.Build.0 = Release|Any CPU
		{B2979576-1AF5-42E3-BDAE-5766E3D502BB}.Debug|Any CPU.ActiveCfg = Debug|Any CPU
		{B2979576-1AF5-42E3-BDAE-5766E3D502BB}.Debug|Any CPU.Build.0 = Debug|Any CPU
		{B2979576-1AF5-42E3-BDAE-5766E3D502BB}.Release|Any CPU.ActiveCfg = Release|Any CPU
		{B2979576-1AF5-42E3-BDAE-5766E3D502BB}.Release|Any CPU.Build.0 = Release|Any CPU
	EndGlobalSection
	GlobalSection(SolutionProperties) = preSolution
		HideSolutionNode = FALSE
	EndGlobalSection
	GlobalSection(ExtensibilityGlobals) = postSolution
		SolutionGuid = {27C590CA-1801-4821-BEB1-AD2DD0C57439}
	EndGlobalSection
EndGlobal
